
Microsoft Visual Studio Solution File, Format Version 12.00
# Visual Studio Version 16
VisualStudioVersion = 16.0.30711.63
MinimumVisualStudioVersion = 10.0.40219.1
Project("{FAE04EC0-301F-11D3-BF4B-00C04F79EFBC}") = "OnitTestChromeProject", "OnitTestChromeProject\OnitTestChromeProject.csproj", "{86D3D38A-240D-4B7F-8B72-D8740D4A1D51}"
EndProject
Global
	GlobalSection(SolutionConfigurationPlatforms) = preSolution
		Debug|Any CPU = Debug|Any CPU
		Release|Any CPU = Release|Any CPU
	EndGlobalSection
	GlobalSection(ProjectConfigurationPlatforms) = postSolution
		{86D3D38A-240D-4B7F-8B72-D8740D4A1D51}.Debug|Any CPU.ActiveCfg = Debug|Any CPU
		{86D3D38A-240D-4B7F-8B72-D8740D4A1D51}.Debug|Any CPU.Build.0 = Debug|Any CPU
		{86D3D38A-240D-4B7F-8B72-D8740D4A1D51}.Release|Any CPU.ActiveCfg = Release|Any CPU
		{86D3D38A-240D-4B7F-8B72-D8740D4A1D51}.Release|Any CPU.Build.0 = Release|Any CPU
	EndGlobalSection
	GlobalSection(SolutionProperties) = preSolution
		HideSolutionNode = FALSE
	EndGlobalSection
	GlobalSection(ExtensibilityGlobals) = postSolution
		SolutionGuid = {9461A9C7-793D-439D-9DED-E80999FF85B2}
	EndGlobalSection
EndGlobal
